[root]
name = "rebar3_run"
version = "0.0.1"
dependencies = [
 "libc 0.1.7 (registry+https://github.com/rust-lang/crates.io-index)",
 "ruster_unsafe 0.1.0 (registry+https://github.com/rust-lang/crates.io-index)",
]

[[package]]
name = "libc"
version = "0.1.7"
source = "registry+https://github.com/rust-lang/crates.io-index"

[[package]]
name = "ruster_unsafe"
version = "0.1.0"
source = "registry+https://github.com/rust-lang/crates.io-index"
dependencies = [
 "libc 0.1.7 (registry+https://github.com/rust-lang/crates.io-index)",
]

